
Microsoft Visual Studio Solution File, Format Version 12.00
# Visual Studio Version 17
VisualStudioVersion = 17.14.36109.1
MinimumVisualStudioVersion = 10.0.40219.1
Project("{FAE04EC0-301F-11D3-BF4B-00C04F79EFBC}") = "Demodeck.Product.Api", "Demodeck.Product.Api.csproj", "{BCCA7399-2933-41ED-A125-5902207BD315}"
EndProject
Project("{FAE04EC0-301F-11D3-BF4B-00C04F79EFBC}") = "Demodeck.Product.Api.Tests", "Demodeck.Product.Api.Tests\Demodeck.Product.Api.Tests.csproj", "{AE85ECB9-3E30-435A-B206-A377A2DEC1B8}"
EndProject
Global
	GlobalSection(SolutionConfigurationPlatforms) = preSolution
		Debug|Any CPU = Debug|Any CPU
		Debug|x64 = Debug|x64
		Debug|x86 = Debug|x86
		Release|Any CPU = Release|Any CPU
		Release|x64 = Release|x64
		Release|x86 = Release|x86
	EndGlobalSection
	GlobalSection(ProjectConfigurationPlatforms) = postSolution
		{BCCA7399-2933-41ED-A125-5902207BD315}.Debug|Any CPU.ActiveCfg = Debug|Any CPU
		{BCCA7399-2933-41ED-A125-5902207BD315}.Debug|Any CPU.Build.0 = Debug|Any CPU
		{BCCA7399-2933-41ED-A125-5902207BD315}.Debug|x64.ActiveCfg = Debug|Any CPU
		{BCCA7399-2933-41ED-A125-5902207BD315}.Debug|x64.Build.0 = Debug|Any CPU
		{BCCA7399-2933-41ED-A125-5902207BD315}.Debug|x86.ActiveCfg = Debug|Any CPU
		{BCCA7399-2933-41ED-A125-5902207BD315}.Debug|x86.Build.0 = Debug|Any CPU
		{BCCA7399-2933-41ED-A125-5902207BD315}.Release|Any CPU.ActiveCfg = Release|Any CPU
		{BCCA7399-2933-41ED-A125-5902207BD315}.Release|Any CPU.Build.0 = Release|Any CPU
		{BCCA7399-2933-41ED-A125-5902207BD315}.Release|x64.ActiveCfg = Release|Any CPU
		{BCCA7399-2933-41ED-A125-5902207BD315}.Release|x64.Build.0 = Release|Any CPU
		{BCCA7399-2933-41ED-A125-5902207BD315}.Release|x86.ActiveCfg = Release|Any CPU
		{BCCA7399-2933-41ED-A125-5902207BD315}.Release|x86.Build.0 = Release|Any CPU
		{AE85ECB9-3E30-435A-B206-A377A2DEC1B8}.Debug|Any CPU.ActiveCfg = Debug|Any CPU
		{AE85ECB9-3E30-435A-B206-A377A2DEC1B8}.Debug|Any CPU.Build.0 = Debug|Any CPU
		{AE85ECB9-3E30-435A-B206-A377A2DEC1B8}.Debug|x64.ActiveCfg = Debug|Any CPU
		{AE85ECB9-3E30-435A-B206-A377A2DEC1B8}.Debug|x64.Build.0 = Debug|Any CPU
		{AE85ECB9-3E30-435A-B206-A377A2DEC1B8}.Debug|x86.ActiveCfg = Debug|Any CPU
		{AE85ECB9-3E30-435A-B206-A377A2DEC1B8}.Debug|x86.Build.0 = Debug|Any CPU
		{AE85ECB9-3E30-435A-B206-A377A2DEC1B8}.Release|Any CPU.ActiveCfg = Release|Any CPU
		{AE85ECB9-3E30-435A-B206-A377A2DEC1B8}.Release|Any CPU.Build.0 = Release|Any CPU
		{AE85ECB9-3E30-435A-B206-A377A2DEC1B8}.Release|x64.ActiveCfg = Release|Any CPU
		{AE85ECB9-3E30-435A-B206-A377A2DEC1B8}.Release|x64.Build.0 = Release|Any CPU
		{AE85ECB9-3E30-435A-B206-A377A2DEC1B8}.Release|x86.ActiveCfg = Release|Any CPU
		{AE85ECB9-3E30-435A-B206-A377A2DEC1B8}.Release|x86.Build.0 = Release|Any CPU
	EndGlobalSection
	GlobalSection(SolutionProperties) = preSolution
		HideSolutionNode = FALSE
	EndGlobalSection
	GlobalSection(ExtensibilityGlobals) = postSolution
		SolutionGuid = {723BCD77-9F55-4919-9B36-FCE158505032}
	EndGlobalSection
EndGlobal
